
Microsoft Visual Studio Solution File, Format Version 12.00
# Visual Studio Version 17
VisualStudioVersion = 17.14.36109.1
MinimumVisualStudioVersion = 10.0.40219.1
Project("{FAE04EC0-301F-11D3-BF4B-00C04F79EFBC}") = "WorkoutTracker.Api", "WorkoutTracker\WorkoutTracker.Api.csproj", "{0C16150C-298E-4C6E-8D13-5EB8ACF54395}"
EndProject
Project("{FAE04EC0-301F-11D3-BF4B-00C04F79EFBC}") = "WorkoutTracker.Domain", "WorkoutTracker.Domain\WorkoutTracker.Domain.csproj", "{89A7718C-4A83-4CDC-93CF-785137F94142}"
EndProject
Project("{FAE04EC0-301F-11D3-BF4B-00C04F79EFBC}") = "WorkoutTracker.Infrastructure", "WorkoutTracker.Infrastructure\WorkoutTracker.Infrastructure.csproj", "{2E54AF08-B39E-42FB-9EC8-A181BFDB8610}"
EndProject
Project("{FAE04EC0-301F-11D3-BF4B-00C04F79EFBC}") = "WorkoutTracker.Application", "WorkoutTracker.Application\WorkoutTracker.Application.csproj", "{4439F102-42D2-495C-8C95-3D51CBB5FBB8}"
EndProject
Global
	GlobalSection(SolutionConfigurationPlatforms) = preSolution
		Debug|Any CPU = Debug|Any CPU
		Release|Any CPU = Release|Any CPU
	EndGlobalSection
	GlobalSection(ProjectConfigurationPlatforms) = postSolution
		{0C16150C-298E-4C6E-8D13-5EB8ACF54395}.Debug|Any CPU.ActiveCfg = Debug|Any CPU
		{0C16150C-298E-4C6E-8D13-5EB8ACF54395}.Debug|Any CPU.Build.0 = Debug|Any CPU
		{0C16150C-298E-4C6E-8D13-5EB8ACF54395}.Release|Any CPU.ActiveCfg = Release|Any CPU
		{0C16150C-298E-4C6E-8D13-5EB8ACF54395}.Release|Any CPU.Build.0 = Release|Any CPU
		{89A7718C-4A83-4CDC-93CF-785137F94142}.Debug|Any CPU.ActiveCfg = Debug|Any CPU
		{89A7718C-4A83-4CDC-93CF-785137F94142}.Debug|Any CPU.Build.0 = Debug|Any CPU
		{89A7718C-4A83-4CDC-93CF-785137F94142}.Release|Any CPU.ActiveCfg = Release|Any CPU
		{89A7718C-4A83-4CDC-93CF-785137F94142}.Release|Any CPU.Build.0 = Release|Any CPU
		{2E54AF08-B39E-42FB-9EC8-A181BFDB8610}.Debug|Any CPU.ActiveCfg = Debug|Any CPU
		{2E54AF08-B39E-42FB-9EC8-A181BFDB8610}.Debug|Any CPU.Build.0 = Debug|Any CPU
		{2E54AF08-B39E-42FB-9EC8-A181BFDB8610}.Release|Any CPU.ActiveCfg = Release|Any CPU
		{2E54AF08-B39E-42FB-9EC8-A181BFDB8610}.Release|Any CPU.Build.0 = Release|Any CPU
		{4439F102-42D2-495C-8C95-3D51CBB5FBB8}.Debug|Any CPU.ActiveCfg = Debug|Any CPU
		{4439F102-42D2-495C-8C95-3D51CBB5FBB8}.Debug|Any CPU.Build.0 = Debug|Any CPU
		{4439F102-42D2-495C-8C95-3D51CBB5FBB8}.Release|Any CPU.ActiveCfg = Release|Any CPU
		{4439F102-42D2-495C-8C95-3D51CBB5FBB8}.Release|Any CPU.Build.0 = Release|Any CPU
	EndGlobalSection
	GlobalSection(SolutionProperties) = preSolution
		HideSolutionNode = FALSE
	EndGlobalSection
	GlobalSection(ExtensibilityGlobals) = postSolution
		SolutionGuid = {45AA5FED-A93C-4D6C-A6B6-2EEB60C601B2}
	EndGlobalSection
EndGlobal
